// !$*UTF8*$!
{
	archiveVersion = 1;
	classes = {
	};
	objectVersion = 51;
	objects = {

/* Begin PBXBuildFile section */
		3A173C20245EA4D000810450 /* AppDelegate.swift in Sources */ = {isa = PBXBuildFile; fileRef = 3A173C1F245EA4D000810450 /* AppDelegate.swift */; };
		3A173C22245EA4D000810450 /* SceneDelegate.swift in Sources */ = {isa = PBXBuildFile; fileRef = 3A173C21245EA4D000810450 /* SceneDelegate.swift */; };
		3A173C24245EA4D000810450 /* ViewController.swift in Sources */ = {isa = PBXBuildFile; fileRef = 3A173C23245EA4D000810450 /* ViewController.swift */; };
		3A173C27245EA4D000810450 /* Main.storyboard in Resources */ = {isa = PBXBuildFile; fileRef = 3A173C25245EA4D000810450 /* Main.storyboard */; };
		3A173C29245EA4D100810450 /* Assets.xcassets in Resources */ = {isa = PBXBuildFile; fileRef = 3A173C28245EA4D100810450 /* Assets.xcassets */; };
		3A173C2C245EA4D100810450 /* LaunchScreen.storyboard in Resources */ = {isa = PBXBuildFile; fileRef = 3A173C2A245EA4D100810450 /* LaunchScreen.storyboard */; };
		3A3BD1A5245EB23C0032B8CB /* keys.plist in Resources */ = {isa = PBXBuildFile; fileRef = 3A3BD1A4245EB23C0032B8CB /* keys.plist */; };
		3A3BD1A7245EB9A30032B8CB /* ShareViewController.swift in Sources */ = {isa = PBXBuildFile; fileRef = 3A3BD1A6245EB9A30032B8CB /* ShareViewController.swift */; };
		55BE98044E2F6CD9F3D7B4C2 /* Pods_Swift5Bokete.framework in Frameworks */ = {isa = PBXBuildFile; fileRef = 3897EC0472872305CF104978 /* Pods_Swift5Bokete.framework */; };
/* End PBXBuildFile section */

/* Begin PBXFileReference section */
		3897EC0472872305CF104978 /* Pods_Swift5Bokete.framework */ = {isa = PBXFileReference; explicitFileType = wrapper.framework; includeInIndex = 0; path = Pods_Swift5Bokete.framework; sourceTree = BUILT_PRODUCTS_DIR; };
		3A173C1C245EA4D000810450 /* Swift5Bokete.app */ = {isa = PBXFileReference; explicitFileType = wrapper.application; includeInIndex = 0; path = Swift5Bokete.app; sourceTree = BUILT_PRODUCTS_DIR; };
		3A173C1F245EA4D000810450 /* AppDelegate.swift */ = {isa = PBXFileReference; lastKnownFileType = sourcecode.swift; path = AppDelegate.swift; sourceTree = "<group>"; };
		3A173C21245EA4D000810450 /* SceneDelegate.swift */ = {isa = PBXFileReference; lastKnownFileType = sourcecode.swift; path = SceneDelegate.swift; sourceTree = "<group>"; };
		3A173C23245EA4D000810450 /* ViewController.swift */ = {isa = PBXFileReference; lastKnownFileType = sourcecode.swift; path = ViewController.swift; sourceTree = "<group>"; };
		3A173C26245EA4D000810450 /* Base */ = {isa = PBXFileReference; lastKnownFileType = file.storyboard; name = Base; path = Base.lproj/Main.storyboard; sourceTree = "<group>"; };
		3A173C28245EA4D100810450 /* Assets.xcassets */ = {isa = PBXFileReference; lastKnownFileType = folder.assetcatalog; path = Assets.xcassets; sourceTree = "<group>"; };
		3A173C2B245EA4D100810450 /* Base */ = {isa = PBXFileReference; lastKnownFileType = file.storyboard; name = Base; path = Base.lproj/LaunchScreen.storyboard; sourceTree = "<group>"; };
		3A173C2D245EA4D100810450 /* Info.plist */ = {isa = PBXFileReference; lastKnownFileType = text.plist.xml; path = Info.plist; sourceTree = "<group>"; };
		3A3BD1A4245EB23C0032B8CB /* keys.plist */ = {isa = PBXFileReference; lastKnownFileType = text.plist.xml; path = keys.plist; sourceTree = "<group>"; };
		3A3BD1A6245EB9A30032B8CB /* ShareViewController.swift */ = {isa = PBXFileReference; lastKnownFileType = sourcecode.swift; path = ShareViewController.swift; sourceTree = "<group>"; };
		8E95594288B41D7D97F9B2B8 /* Pods-Swift5Bokete.debug.xcconfig */ = {isa = PBXFileReference; includeInIndex = 1; lastKnownFileType = text.xcconfig; name = "Pods-Swift5Bokete.debug.xcconfig"; path = "Target Support Files/Pods-Swift5Bokete/Pods-Swift5Bokete.debug.xcconfig"; sourceTree = "<group>"; };
		BA023093A1A9AE34B7FF5F12 /* Pods-Swift5Bokete.release.xcconfig */ = {isa = PBXFileReference; includeInIndex = 1; lastKnownFileType = text.xcconfig; name = "Pods-Swift5Bokete.release.xcconfig"; path = "Target Support Files/Pods-Swift5Bokete/Pods-Swift5Bokete.release.xcconfig"; sourceTree = "<group>"; };
/* End PBXFileReference section */

/* Begin PBXFrameworksBuildPhase section */
		3A173C19245EA4D000810450 /* Frameworks */ = {
			isa = PBXFrameworksBuildPhase;
			buildActionMask = 2147483647;
			files = (
				55BE98044E2F6CD9F3D7B4C2 /* Pods_Swift5Bokete.framework in Frameworks */,
			);
			runOnlyForDeploymentPostprocessing = 0;
		};
/* End PBXFrameworksBuildPhase section */

/* Begin PBXGroup section */
		3A173C13245EA4D000810450 = {
			isa = PBXGroup;
			children = (
				3A173C1E245EA4D000810450 /* Swift5Bokete */,
				3A173C1D245EA4D000810450 /* Products */,
				9336433340D11E33D94A1FF3 /* Pods */,
				F4A048B9D4A20903ADDEF58A /* Frameworks */,
			);
			sourceTree = "<group>";
		};
		3A173C1D245EA4D000810450 /* Products */ = {
			isa = PBXGroup;
			children = (
				3A173C1C245EA4D000810450 /* Swift5Bokete.app */,
			);
			name = Products;
			sourceTree = "<group>";
		};
		3A173C1E245EA4D000810450 /* Swift5Bokete */ = {
			isa = PBXGroup;
			children = (
				3A173C1F245EA4D000810450 /* AppDelegate.swift */,
				3A173C21245EA4D000810450 /* SceneDelegate.swift */,
				3A173C23245EA4D000810450 /* ViewController.swift */,
				3A3BD1A6245EB9A30032B8CB /* ShareViewController.swift */,
				3A173C25245EA4D000810450 /* Main.storyboard */,
				3A173C28245EA4D100810450 /* Assets.xcassets */,
				3A173C2A245EA4D100810450 /* LaunchScreen.storyboard */,
				3A173C2D245EA4D100810450 /* Info.plist */,
				3A3BD1A4245EB23C0032B8CB /* keys.plist */,
			);
			path = Swift5Bokete;
			sourceTree = "<group>";
		};
		9336433340D11E33D94A1FF3 /* Pods */ = {
			isa = PBXGroup;
			children = (
				8E95594288B41D7D97F9B2B8 /* Pods-Swift5Bokete.debug.xcconfig */,
				BA023093A1A9AE34B7FF5F12 /* Pods-Swift5Bokete.release.xcconfig */,
			);
			path = Pods;
			sourceTree = "<group>";
		};
		F4A048B9D4A20903ADDEF58A /* Frameworks */ = {
			isa = PBXGroup;
			children = (
				3897EC0472872305CF104978 /* Pods_Swift5Bokete.framework */,
			);
			name = Frameworks;
			sourceTree = "<group>";
		};
/* End PBXGroup section */

/* Begin PBXNativeTarget section */
		3A173C1B245EA4D000810450 /* Swift5Bokete */ = {
			isa = PBXNativeTarget;
			buildConfigurationList = 3A173C30245EA4D100810450 /* Build configuration list for PBXNativeTarget "Swift5Bokete" */;
			buildPhases = (
				07A6B0C92F57C32E5D9B1DB2 /* [CP] Check Pods Manifest.lock */,
				3A173C18245EA4D000810450 /* Sources */,
				3A173C19245EA4D000810450 /* Frameworks */,
				3A173C1A245EA4D000810450 /* Resources */,
				FAFBF53FF0F633867E226E8B /* [CP] Embed Pods Frameworks */,
			);
			buildRules = (
			);
			dependencies = (
			);
			name = Swift5Bokete;
			productName = Swift5Bokete;
			productReference = 3A173C1C245EA4D000810450 /* Swift5Bokete.app */;
			productType = "com.apple.product-type.application";
		};
/* End PBXNativeTarget section */

/* Begin PBXProject section */
		3A173C14245EA4D000810450 /* Project object */ = {
			isa = PBXProject;
			attributes = {
				LastSwiftUpdateCheck = 1130;
				LastUpgradeCheck = 1130;
				ORGANIZATIONNAME = AkiyukiIshikawa;
				TargetAttributes = {
					3A173C1B245EA4D000810450 = {
						CreatedOnToolsVersion = 11.3.1;
					};
				};
			};
			buildConfigurationList = 3A173C17245EA4D000810450 /* Build configuration list for PBXProject "Swift5Bokete" */;
			compatibilityVersion = "Xcode 9.3";
			developmentRegion = en;
			hasScannedForEncodings = 0;
			knownRegions = (
				en,
				Base,
			);
			mainGroup = 3A173C13245EA4D000810450;
			productRefGroup = 3A173C1D245EA4D000810450 /* Products */;
			projectDirPath = "";
			projectRoot = "";
			targets = (
				3A173C1B245EA4D000810450 /* Swift5Bokete */,
			);
		};
/* End PBXProject section */

/* Begin PBXResourcesBuildPhase section */
		3A173C1A245EA4D000810450 /* Resources */ = {
			isa = PBXResourcesBuildPhase;
			buildActionMask = 2147483647;
			files = (
				3A3BD1A5245EB23C0032B8CB /* keys.plist in Resources */,
				3A173C2C245EA4D100810450 /* LaunchScreen.storyboard in Resources */,
				3A173C29245EA4D100810450 /* Assets.xcassets in Resources */,
				3A173C27245EA4D000810450 /* Main.storyboard in Resources */,
			);
			runOnlyForDeploymentPostprocessing = 0;
		};
/* End PBXResourcesBuildPhase section */

/* Begin PBXShellScriptBuildPhase section */
		07A6B0C92F57C32E5D9B1DB2 /* [CP] Check Pods Manifest.lock */ = {
			isa = PBXShellScriptBuildPhase;
			buildActionMask = 2147483647;
			files = (
			);
			inputFileListPaths = (
			);
			inputPaths = (
				"${PODS_PODFILE_DIR_PATH}/Podfile.lock",
				"${PODS_ROOT}/Manifest.lock",
			);
			name = "[CP] Check Pods Manifest.lock";
			outputFileListPaths = (
			);
			outputPaths = (
				"$(DERIVED_FILE_DIR)/Pods-Swift5Bokete-checkManifestLockResult.txt",
			);
			runOnlyForDeploymentPostprocessing = 0;
			shellPath = /bin/sh;
			shellScript = "diff \"${PODS_PODFILE_DIR_PATH}/Podfile.lock\" \"${PODS_ROOT}/Manifest.lock\" > /dev/null\nif [ $? != 0 ] ; then\n    # print error to STDERR\n    echo \"error: The sandbox is not in sync with the Podfile.lock. Run 'pod install' or update your CocoaPods installation.\" >&2\n    exit 1\nfi\n# This output is used by Xcode 'outputs' to avoid re-running this script phase.\necho \"SUCCESS\" > \"${SCRIPT_OUTPUT_FILE_0}\"\n";
			showEnvVarsInLog = 0;
		};
		FAFBF53FF0F633867E226E8B /* [CP] Embed Pods Frameworks */ = {
			isa = PBXShellScriptBuildPhase;
			buildActionMask = 2147483647;
			files = (
			);
			inputFileListPaths = (
				"${PODS_ROOT}/Target Support Files/Pods-Swift5Bokete/Pods-Swift5Bokete-frameworks-${CONFIGURATION}-input-files.xcfilelist",
			);
			name = "[CP] Embed Pods Frameworks";
			outputFileListPaths = (
				"${PODS_ROOT}/Target Support Files/Pods-Swift5Bokete/Pods-Swift5Bokete-frameworks-${CONFIGURATION}-output-files.xcfilelist",
			);
			runOnlyForDeploymentPostprocessing = 0;
			shellPath = /bin/sh;
			shellScript = "\"${PODS_ROOT}/Target Support Files/Pods-Swift5Bokete/Pods-Swift5Bokete-frameworks.sh\"\n";
			showEnvVarsInLog = 0;
		};
/* End PBXShellScriptBuildPhase section */

/* Begin PBXSourcesBuildPhase section */
		3A173C18245EA4D000810450 /* Sources */ = {
			isa = PBXSourcesBuildPhase;
			buildActionMask = 2147483647;
			files = (
				3A173C24245EA4D000810450 /* ViewController.swift in Sources */,
				3A173C20245EA4D000810450 /* AppDelegate.swift in Sources */,
				3A3BD1A7245EB9A30032B8CB /* ShareViewController.swift in Sources */,
				3A173C22245EA4D000810450 /* SceneDelegate.swift in Sources */,
			);
			runOnlyForDeploymentPostprocessing = 0;
		};
/* End PBXSourcesBuildPhase section */

/* Begin PBXVariantGroup section */
		3A173C25245EA4D000810450 /* Main.storyboard */ = {
			isa = PBXVariantGroup;
			children = (
				3A173C26245EA4D000810450 /* Base */,
			);
			name = Main.storyboard;
			sourceTree = "<group>";
		};
		3A173C2A245EA4D100810450 /* LaunchScreen.storyboard */ = {
			isa = PBXVariantGroup;
			children = (
				3A173C2B245EA4D100810450 /* Base */,
			);
			name = LaunchScreen.storyboard;
			sourceTree = "<group>";
		};
/* End PBXVariantGroup section */

/* Begin XCBuildConfiguration section */
		3A173C2E245EA4D100810450 /* Debug */ = {
			isa = XCBuildConfiguration;
			buildSettings = {
				ALWAYS_SEARCH_USER_PATHS = NO;
				CLANG_ANALYZER_NONNULL = YES;
				CLANG_ANALYZER_NUMBER_OBJECT_CONVERSION = YES_AGGRESSIVE;
				CLANG_CXX_LANGUAGE_STANDARD = "gnu++14";
				CLANG_CXX_LIBRARY = "libc++";
				CLANG_ENABLE_MODULES = YES;
				CLANG_ENABLE_OBJC_ARC = YES;
				CLANG_ENABLE_OBJC_WEAK = YES;
				CLANG_WARN_BLOCK_CAPTURE_AUTORELEASING = YES;
				CLANG_WARN_BOOL_CONVERSION = YES;
				CLANG_WARN_COMMA = YES;
				CLANG_WARN_CONSTANT_CONVERSION = YES;
				CLANG_WARN_DEPRECATED_OBJC_IMPLEMENTATIONS = YES;
				CLANG_WARN_DIRECT_OBJC_ISA_USAGE = YES_ERROR;
				CLANG_WARN_DOCUMENTATION_COMMENTS = YES;
				CLANG_WARN_EMPTY_BODY = YES;
				CLANG_WARN_ENUM_CONVERSION = YES;
				CLANG_WARN_INFINITE_RECURSION = YES;
				CLANG_WARN_INT_CONVERSION = YES;
				CLANG_WARN_NON_LITERAL_NULL_CONVERSION = YES;
				CLANG_WARN_OBJC_IMPLICIT_RETAIN_SELF = YES;
				CLANG_WARN_OBJC_LITERAL_CONVERSION = YES;
				CLANG_WARN_OBJC_ROOT_CLASS = YES_ERROR;
				CLANG_WARN_RANGE_LOOP_ANALYSIS = YES;
				CLANG_WARN_STRICT_PROTOTYPES = YES;
				CLANG_WARN_SUSPICIOUS_MOVE = YES;
				CLANG_WARN_UNGUARDED_AVAILABILITY = YES_AGGRESSIVE;
				CLANG_WARN_UNREACHABLE_CODE = YES;
				CLANG_WARN__DUPLICATE_METHOD_MATCH = YES;
				COPY_PHASE_STRIP = NO;
				DEBUG_INFORMATION_FORMAT = dwarf;
				ENABLE_STRICT_OBJC_MSGSEND = YES;
				ENABLE_TESTABILITY = YES;
				GCC_C_LANGUAGE_STANDARD = gnu11;
				GCC_DYNAMIC_NO_PIC = NO;
				GCC_NO_COMMON_BLOCKS = YES;
				GCC_OPTIMIZATION_LEVEL = 0;
				GCC_PREPROCESSOR_DEFINITIONS = (
					"DEBUG=1",
					"$(inherited)",
				);
				GCC_WARN_64_TO_32_BIT_CONVERSION = YES;
				GCC_WARN_ABOUT_RETURN_TYPE = YES_ERROR;
				GCC_WARN_UNDECLARED_SELECTOR = YES;
				GCC_WARN_UNINITIALIZED_AUTOS = YES_AGGRESSIVE;
				GCC_WARN_UNUSED_FUNCTION = YES;
				GCC_WARN_UNUSED_VARIABLE = YES;
				IPHONEOS_DEPLOYMENT_TARGET = 13.2;
				MTL_ENABLE_DEBUG_INFO = INCLUDE_SOURCE;
				MTL_FAST_MATH = YES;
				ONLY_ACTIVE_ARCH = YES;
				SDKROOT = iphoneos;
				SWIFT_ACTIVE_COMPILATION_CONDITIONS = DEBUG;
				SWIFT_OPTIMIZATION_LEVEL = "-Onone";
			};
			name = Debug;
		};
		3A173C2F245EA4D100810450 /* Release */ = {
			isa = XCBuildConfiguration;
			buildSettings = {
				ALWAYS_SEARCH_USER_PATHS = NO;
				CLANG_ANALYZER_NONNULL = YES;
				CLANG_ANALYZER_NUMBER_OBJECT_CONVERSION = YES_AGGRESSIVE;
				CLANG_CXX_LANGUAGE_STANDARD = "gnu++14";
				CLANG_CXX_LIBRARY = "libc++";
				CLANG_ENABLE_MODULES = YES;
				CLANG_ENABLE_OBJC_ARC = YES;
				CLANG_ENABLE_OBJC_WEAK = YES;
				CLANG_WARN_BLOCK_CAPTURE_AUTORELEASING = YES;
				CLANG_WARN_BOOL_CONVERSION = YES;
				CLANG_WARN_COMMA = YES;
				CLANG_WARN_CONSTANT_CONVERSION = YES;
				CLANG_WARN_DEPRECATED_OBJC_IMPLEMENTATIONS = YES;
				CLANG_WARN_DIRECT_OBJC_ISA_USAGE = YES_ERROR;
				CLANG_WARN_DOCUMENTATION_COMMENTS = YES;
				CLANG_WARN_EMPTY_BODY = YES;
				CLANG_WARN_ENUM_CONVERSION = YES;
				CLANG_WARN_INFINITE_RECURSION = YES;
				CLANG_WARN_INT_CONVERSION = YES;
				CLANG_WARN_NON_LITERAL_NULL_CONVERSION = YES;
				CLANG_WARN_OBJC_IMPLICIT_RETAIN_SELF = YES;
				CLANG_WARN_OBJC_LITERAL_CONVERSION = YES;
				CLANG_WARN_OBJC_ROOT_CLASS = YES_ERROR;
				CLANG_WARN_RANGE_LOOP_ANALYSIS = YES;
				CLANG_WARN_STRICT_PROTOTYPES = YES;
				CLANG_WARN_SUSPICIOUS_MOVE = YES;
				CLANG_WARN_UNGUARDED_AVAILABILITY = YES_AGGRESSIVE;
				CLANG_WARN_UNREACHABLE_CODE = YES;
				CLANG_WARN__DUPLICATE_METHOD_MATCH = YES;
				COPY_PHASE_STRIP = NO;
				DEBUG_INFORMATION_FORMAT = "dwarf-with-dsym";
				ENABLE_NS_ASSERTIONS = NO;
				ENABLE_STRICT_OBJC_MSGSEND = YES;
				GCC_C_LANGUAGE_STANDARD = gnu11;
				GCC_NO_COMMON_BLOCKS = YES;
				GCC_WARN_64_TO_32_BIT_CONVERSION = YES;
				GCC_WARN_ABOUT_RETURN_TYPE = YES_ERROR;
				GCC_WARN_UNDECLARED_SELECTOR = YES;
				GCC_WARN_UNINITIALIZED_AUTOS = YES_AGGRESSIVE;
				GCC_WARN_UNUSED_FUNCTION = YES;
				GCC_WARN_UNUSED_VARIABLE = YES;
				IPHONEOS_DEPLOYMENT_TARGET = 13.2;
				MTL_ENABLE_DEBUG_INFO = NO;
				MTL_FAST_MATH = YES;
				SDKROOT = iphoneos;
				SWIFT_COMPILATION_MODE = wholemodule;
				SWIFT_OPTIMIZATION_LEVEL = "-O";
				VALIDATE_PRODUCT = YES;
			};
			name = Release;
		};
		3A173C31245EA4D100810450 /* Debug */ = {
			isa = XCBuildConfiguration;
			baseConfigurationReference = 8E95594288B41D7D97F9B2B8 /* Pods-Swift5Bokete.debug.xcconfig */;
			buildSettings = {
				ASSETCATALOG_COMPILER_APPICON_NAME = AppIcon;
				CODE_SIGN_STYLE = Automatic;
				INFOPLIST_FILE = Swift5Bokete/Info.plist;
				LD_RUNPATH_SEARCH_PATHS = (
					"$(inherited)",
					"@executable_path/Frameworks",
				);
				PRODUCT_BUNDLE_IDENTIFIER = com.akiyukiishikawa.Swift5Bokete;
				PRODUCT_NAME = "$(TARGET_NAME)";
				SWIFT_VERSION = 5.0;
				TARGETED_DEVICE_FAMILY = "1,2";
			};
			name = Debug;
		};
		3A173C32245EA4D100810450 /* Release */ = {
			isa = XCBuildConfiguration;
			baseConfigurationReference = BA023093A1A9AE34B7FF5F12 /* Pods-Swift5Bokete.release.xcconfig */;
			buildSettings = {
				ASSETCATALOG_COMPILER_APPICON_NAME = AppIcon;
				CODE_SIGN_STYLE = Automatic;
				INFOPLIST_FILE = Swift5Bokete/Info.plist;
				LD_RUNPATH_SEARCH_PATHS = (
					"$(inherited)",
					"@executable_path/Frameworks",
				);
				PRODUCT_BUNDLE_IDENTIFIER = com.akiyukiishikawa.Swift5Bokete;
				PRODUCT_NAME = "$(TARGET_NAME)";
				SWIFT_VERSION = 5.0;
				TARGETED_DEVICE_FAMILY = "1,2";
			};
			name = Release;
		};
/* End XCBuildConfiguration section */

/* Begin XCConfigurationList section */
		3A173C17245EA4D000810450 /* Build configuration list for PBXProject "Swift5Bokete" */ = {
			isa = XCConfigurationList;
			buildConfigurations = (
				3A173C2E245EA4D100810450 /* Debug */,
				3A173C2F245EA4D100810450 /* Release */,
			);
			defaultConfigurationIsVisible = 0;
			defaultConfigurationName = Release;
		};
		3A173C30245EA4D100810450 /* Build configuration list for PBXNativeTarget "Swift5Bokete" */ = {
			isa = XCConfigurationList;
			buildConfigurations = (
				3A173C31245EA4D100810450 /* Debug */,
				3A173C32245EA4D100810450 /* Release */,
			);
			defaultConfigurationIsVisible = 0;
			defaultConfigurationName = Release;
		};
/* End XCConfigurationList section */
	};
	rootObject = 3A173C14245EA4D000810450 /* Project object */;
}
