// !$*UTF8*$!
{
	archiveVersion = 1;
	classes = {
	};
	objectVersion = 51;
	objects = {

/* Begin PBXBuildFile section */
		2E92805CD4AC37312BEC7D4A /* Pods_Swift5IntroApp.framework in Frameworks */ = {isa = PBXBuildFile; fileRef = D5639F5F5D2F46950A90E9C1 /* Pods_Swift5IntroApp.framework */; };
		3A7CA4E32461216B0030AEA1 /* AppDelegate.swift in Sources */ = {isa = PBXBuildFile; fileRef = 3A7CA4E22461216B0030AEA1 /* AppDelegate.swift */; };
		3A7CA4E52461216B0030AEA1 /* SceneDelegate.swift in Sources */ = {isa = PBXBuildFile; fileRef = 3A7CA4E42461216B0030AEA1 /* SceneDelegate.swift */; };
		3A7CA4EA2461216B0030AEA1 /* Main.storyboard in Resources */ = {isa = PBXBuildFile; fileRef = 3A7CA4E82461216B0030AEA1 /* Main.storyboard */; };
		3A7CA4EC2461216C0030AEA1 /* Assets.xcassets in Resources */ = {isa = PBXBuildFile; fileRef = 3A7CA4EB2461216C0030AEA1 /* Assets.xcassets */; };
		3A7CA4EF2461216C0030AEA1 /* LaunchScreen.storyboard in Resources */ = {isa = PBXBuildFile; fileRef = 3A7CA4ED2461216C0030AEA1 /* LaunchScreen.storyboard */; };
		3A7CA4FE246123680030AEA1 /* 5.json in Resources */ = {isa = PBXBuildFile; fileRef = 3A7CA4F9246123680030AEA1 /* 5.json */; };
		3A7CA4FF246123680030AEA1 /* 2.json in Resources */ = {isa = PBXBuildFile; fileRef = 3A7CA4FA246123680030AEA1 /* 2.json */; };
		3A7CA500246123680030AEA1 /* 4.json in Resources */ = {isa = PBXBuildFile; fileRef = 3A7CA4FB246123680030AEA1 /* 4.json */; };
		3A7CA501246123680030AEA1 /* 3.json in Resources */ = {isa = PBXBuildFile; fileRef = 3A7CA4FC246123680030AEA1 /* 3.json */; };
		3A7CA502246123680030AEA1 /* 1.json in Resources */ = {isa = PBXBuildFile; fileRef = 3A7CA4FD246123680030AEA1 /* 1.json */; };
		3A7CA504246123970030AEA1 /* IntroViewController.swift in Sources */ = {isa = PBXBuildFile; fileRef = 3A7CA503246123970030AEA1 /* IntroViewController.swift */; };
		3A7CA506246139080030AEA1 /* LoginMovieViewController.swift in Sources */ = {isa = PBXBuildFile; fileRef = 3A7CA505246139080030AEA1 /* LoginMovieViewController.swift */; };
		3A7CA50824613D590030AEA1 /* start.mov in Resources */ = {isa = PBXBuildFile; fileRef = 3A7CA50724613D590030AEA1 /* start.mov */; };
		3A7CA50A24613DDC0030AEA1 /* BaseViewController.swift in Sources */ = {isa = PBXBuildFile; fileRef = 3A7CA50924613DDC0030AEA1 /* BaseViewController.swift */; };
		3A7CA50C246142C80030AEA1 /* Page1ViewController.swift in Sources */ = {isa = PBXBuildFile; fileRef = 3A7CA50B246142C80030AEA1 /* Page1ViewController.swift */; };
		3A7CA50E246146CA0030AEA1 /* NewsItems.swift in Sources */ = {isa = PBXBuildFile; fileRef = 3A7CA50D246146CA0030AEA1 /* NewsItems.swift */; };
		3A7CA51024614E990030AEA1 /* WebViewController.swift in Sources */ = {isa = PBXBuildFile; fileRef = 3A7CA50F24614E990030AEA1 /* WebViewController.swift */; };
		3A7CA512246153210030AEA1 /* Page2ViewController.swift in Sources */ = {isa = PBXBuildFile; fileRef = 3A7CA511246153210030AEA1 /* Page2ViewController.swift */; };
		3A7CA514246153C70030AEA1 /* Page3ViewController.swift in Sources */ = {isa = PBXBuildFile; fileRef = 3A7CA513246153C70030AEA1 /* Page3ViewController.swift */; };
		3A7CA516246153E20030AEA1 /* Page4ViewController.swift in Sources */ = {isa = PBXBuildFile; fileRef = 3A7CA515246153E20030AEA1 /* Page4ViewController.swift */; };
		3A7CA518246153F20030AEA1 /* Page5ViewController.swift in Sources */ = {isa = PBXBuildFile; fileRef = 3A7CA517246153F20030AEA1 /* Page5ViewController.swift */; };
		3A7CA51A246154930030AEA1 /* Page6ViewController.swift in Sources */ = {isa = PBXBuildFile; fileRef = 3A7CA519246154930030AEA1 /* Page6ViewController.swift */; };
/* End PBXBuildFile section */

/* Begin PBXFileReference section */
		1239964C24536204994119A6 /* Pods-Swift5IntroApp.release.xcconfig */ = {isa = PBXFileReference; includeInIndex = 1; lastKnownFileType = text.xcconfig; name = "Pods-Swift5IntroApp.release.xcconfig"; path = "Target Support Files/Pods-Swift5IntroApp/Pods-Swift5IntroApp.release.xcconfig"; sourceTree = "<group>"; };
		3A7CA4DF2461216B0030AEA1 /* Swift5IntroApp.app */ = {isa = PBXFileReference; explicitFileType = wrapper.application; includeInIndex = 0; path = Swift5IntroApp.app; sourceTree = BUILT_PRODUCTS_DIR; };
		3A7CA4E22461216B0030AEA1 /* AppDelegate.swift */ = {isa = PBXFileReference; lastKnownFileType = sourcecode.swift; path = AppDelegate.swift; sourceTree = "<group>"; };
		3A7CA4E42461216B0030AEA1 /* SceneDelegate.swift */ = {isa = PBXFileReference; lastKnownFileType = sourcecode.swift; path = SceneDelegate.swift; sourceTree = "<group>"; };
		3A7CA4E92461216B0030AEA1 /* Base */ = {isa = PBXFileReference; lastKnownFileType = file.storyboard; name = Base; path = Base.lproj/Main.storyboard; sourceTree = "<group>"; };
		3A7CA4EB2461216C0030AEA1 /* Assets.xcassets */ = {isa = PBXFileReference; lastKnownFileType = folder.assetcatalog; path = Assets.xcassets; sourceTree = "<group>"; };
		3A7CA4EE2461216C0030AEA1 /* Base */ = {isa = PBXFileReference; lastKnownFileType = file.storyboard; name = Base; path = Base.lproj/LaunchScreen.storyboard; sourceTree = "<group>"; };
		3A7CA4F02461216C0030AEA1 /* Info.plist */ = {isa = PBXFileReference; lastKnownFileType = text.plist.xml; path = Info.plist; sourceTree = "<group>"; };
		3A7CA4F9246123680030AEA1 /* 5.json */ = {isa = PBXFileReference; fileEncoding = 4; lastKnownFileType = text.json; path = 5.json; sourceTree = "<group>"; };
		3A7CA4FA246123680030AEA1 /* 2.json */ = {isa = PBXFileReference; fileEncoding = 4; lastKnownFileType = text.json; path = 2.json; sourceTree = "<group>"; };
		3A7CA4FB246123680030AEA1 /* 4.json */ = {isa = PBXFileReference; fileEncoding = 4; lastKnownFileType = text.json; path = 4.json; sourceTree = "<group>"; };
		3A7CA4FC246123680030AEA1 /* 3.json */ = {isa = PBXFileReference; fileEncoding = 4; lastKnownFileType = text.json; path = 3.json; sourceTree = "<group>"; };
		3A7CA4FD246123680030AEA1 /* 1.json */ = {isa = PBXFileReference; fileEncoding = 4; lastKnownFileType = text.json; path = 1.json; sourceTree = "<group>"; };
		3A7CA503246123970030AEA1 /* IntroViewController.swift */ = {isa = PBXFileReference; lastKnownFileType = sourcecode.swift; path = IntroViewController.swift; sourceTree = "<group>"; };
		3A7CA505246139080030AEA1 /* LoginMovieViewController.swift */ = {isa = PBXFileReference; lastKnownFileType = sourcecode.swift; path = LoginMovieViewController.swift; sourceTree = "<group>"; };
		3A7CA50724613D590030AEA1 /* start.mov */ = {isa = PBXFileReference; lastKnownFileType = video.quicktime; path = start.mov; sourceTree = "<group>"; };
		3A7CA50924613DDC0030AEA1 /* BaseViewController.swift */ = {isa = PBXFileReference; lastKnownFileType = sourcecode.swift; path = BaseViewController.swift; sourceTree = "<group>"; };
		3A7CA50B246142C80030AEA1 /* Page1ViewController.swift */ = {isa = PBXFileReference; lastKnownFileType = sourcecode.swift; path = Page1ViewController.swift; sourceTree = "<group>"; };
		3A7CA50D246146CA0030AEA1 /* NewsItems.swift */ = {isa = PBXFileReference; lastKnownFileType = sourcecode.swift; path = NewsItems.swift; sourceTree = "<group>"; };
		3A7CA50F24614E990030AEA1 /* WebViewController.swift */ = {isa = PBXFileReference; lastKnownFileType = sourcecode.swift; path = WebViewController.swift; sourceTree = "<group>"; };
		3A7CA511246153210030AEA1 /* Page2ViewController.swift */ = {isa = PBXFileReference; lastKnownFileType = sourcecode.swift; path = Page2ViewController.swift; sourceTree = "<group>"; };
		3A7CA513246153C70030AEA1 /* Page3ViewController.swift */ = {isa = PBXFileReference; lastKnownFileType = sourcecode.swift; path = Page3ViewController.swift; sourceTree = "<group>"; };
		3A7CA515246153E20030AEA1 /* Page4ViewController.swift */ = {isa = PBXFileReference; lastKnownFileType = sourcecode.swift; path = Page4ViewController.swift; sourceTree = "<group>"; };
		3A7CA517246153F20030AEA1 /* Page5ViewController.swift */ = {isa = PBXFileReference; lastKnownFileType = sourcecode.swift; path = Page5ViewController.swift; sourceTree = "<group>"; };
		3A7CA519246154930030AEA1 /* Page6ViewController.swift */ = {isa = PBXFileReference; lastKnownFileType = sourcecode.swift; path = Page6ViewController.swift; sourceTree = "<group>"; };
		D5639F5F5D2F46950A90E9C1 /* Pods_Swift5IntroApp.framework */ = {isa = PBXFileReference; explicitFileType = wrapper.framework; includeInIndex = 0; path = Pods_Swift5IntroApp.framework; sourceTree = BUILT_PRODUCTS_DIR; };
		FED8F107B6A8A1EB77C1D685 /* Pods-Swift5IntroApp.debug.xcconfig */ = {isa = PBXFileReference; includeInIndex = 1; lastKnownFileType = text.xcconfig; name = "Pods-Swift5IntroApp.debug.xcconfig"; path = "Target Support Files/Pods-Swift5IntroApp/Pods-Swift5IntroApp.debug.xcconfig"; sourceTree = "<group>"; };
/* End PBXFileReference section */

/* Begin PBXFrameworksBuildPhase section */
		3A7CA4DC2461216B0030AEA1 /* Frameworks */ = {
			isa = PBXFrameworksBuildPhase;
			buildActionMask = 2147483647;
			files = (
				2E92805CD4AC37312BEC7D4A /* Pods_Swift5IntroApp.framework in Frameworks */,
			);
			runOnlyForDeploymentPostprocessing = 0;
		};
/* End PBXFrameworksBuildPhase section */

/* Begin PBXGroup section */
		21B7D7F21B14A8E546A821EC /* Frameworks */ = {
			isa = PBXGroup;
			children = (
				D5639F5F5D2F46950A90E9C1 /* Pods_Swift5IntroApp.framework */,
			);
			name = Frameworks;
			sourceTree = "<group>";
		};
		3A7CA4D62461216B0030AEA1 = {
			isa = PBXGroup;
			children = (
				3A7CA4E12461216B0030AEA1 /* Swift5IntroApp */,
				3A7CA4E02461216B0030AEA1 /* Products */,
				BE6B269C584C450A0698E15D /* Pods */,
				21B7D7F21B14A8E546A821EC /* Frameworks */,
			);
			sourceTree = "<group>";
		};
		3A7CA4E02461216B0030AEA1 /* Products */ = {
			isa = PBXGroup;
			children = (
				3A7CA4DF2461216B0030AEA1 /* Swift5IntroApp.app */,
			);
			name = Products;
			sourceTree = "<group>";
		};
		3A7CA4E12461216B0030AEA1 /* Swift5IntroApp */ = {
			isa = PBXGroup;
			children = (
				3A7CA4F6246122B20030AEA1 /* Model */,
				3A7CA4F7246122BA0030AEA1 /* View */,
				3A7CA4F8246122C20030AEA1 /* Controller */,
				3A7CA4F02461216C0030AEA1 /* Info.plist */,
				3A7CA4FD246123680030AEA1 /* 1.json */,
				3A7CA4FA246123680030AEA1 /* 2.json */,
				3A7CA4FC246123680030AEA1 /* 3.json */,
				3A7CA4FB246123680030AEA1 /* 4.json */,
				3A7CA4F9246123680030AEA1 /* 5.json */,
				3A7CA50724613D590030AEA1 /* start.mov */,
			);
			path = Swift5IntroApp;
			sourceTree = "<group>";
		};
		3A7CA4F6246122B20030AEA1 /* Model */ = {
			isa = PBXGroup;
			children = (
				3A7CA50D246146CA0030AEA1 /* NewsItems.swift */,
			);
			path = Model;
			sourceTree = "<group>";
		};
		3A7CA4F7246122BA0030AEA1 /* View */ = {
			isa = PBXGroup;
			children = (
				3A7CA4E82461216B0030AEA1 /* Main.storyboard */,
				3A7CA4EB2461216C0030AEA1 /* Assets.xcassets */,
				3A7CA4ED2461216C0030AEA1 /* LaunchScreen.storyboard */,
			);
			path = View;
			sourceTree = "<group>";
		};
		3A7CA4F8246122C20030AEA1 /* Controller */ = {
			isa = PBXGroup;
			children = (
				3A7CA4E22461216B0030AEA1 /* AppDelegate.swift */,
				3A7CA4E42461216B0030AEA1 /* SceneDelegate.swift */,
				3A7CA503246123970030AEA1 /* IntroViewController.swift */,
				3A7CA505246139080030AEA1 /* LoginMovieViewController.swift */,
				3A7CA50924613DDC0030AEA1 /* BaseViewController.swift */,
				3A7CA50B246142C80030AEA1 /* Page1ViewController.swift */,
				3A7CA50F24614E990030AEA1 /* WebViewController.swift */,
				3A7CA511246153210030AEA1 /* Page2ViewController.swift */,
				3A7CA513246153C70030AEA1 /* Page3ViewController.swift */,
				3A7CA515246153E20030AEA1 /* Page4ViewController.swift */,
				3A7CA517246153F20030AEA1 /* Page5ViewController.swift */,
				3A7CA519246154930030AEA1 /* Page6ViewController.swift */,
			);
			path = Controller;
			sourceTree = "<group>";
		};
		BE6B269C584C450A0698E15D /* Pods */ = {
			isa = PBXGroup;
			children = (
				FED8F107B6A8A1EB77C1D685 /* Pods-Swift5IntroApp.debug.xcconfig */,
				1239964C24536204994119A6 /* Pods-Swift5IntroApp.release.xcconfig */,
			);
			path = Pods;
			sourceTree = "<group>";
		};
/* End PBXGroup section */

/* Begin PBXNativeTarget section */
		3A7CA4DE2461216B0030AEA1 /* Swift5IntroApp */ = {
			isa = PBXNativeTarget;
			buildConfigurationList = 3A7CA4F32461216C0030AEA1 /* Build configuration list for PBXNativeTarget "Swift5IntroApp" */;
			buildPhases = (
				F53C2B1CF054E6A8497224F9 /* [CP] Check Pods Manifest.lock */,
				3A7CA4DB2461216B0030AEA1 /* Sources */,
				3A7CA4DC2461216B0030AEA1 /* Frameworks */,
				3A7CA4DD2461216B0030AEA1 /* Resources */,
				09C373639C8624EE5A5AE750 /* [CP] Embed Pods Frameworks */,
			);
			buildRules = (
			);
			dependencies = (
			);
			name = Swift5IntroApp;
			productName = Swift5IntroApp;
			productReference = 3A7CA4DF2461216B0030AEA1 /* Swift5IntroApp.app */;
			productType = "com.apple.product-type.application";
		};
/* End PBXNativeTarget section */

/* Begin PBXProject section */
		3A7CA4D72461216B0030AEA1 /* Project object */ = {
			isa = PBXProject;
			attributes = {
				LastSwiftUpdateCheck = 1130;
				LastUpgradeCheck = 1130;
				ORGANIZATIONNAME = AkiyukiIshikawa;
				TargetAttributes = {
					3A7CA4DE2461216B0030AEA1 = {
						CreatedOnToolsVersion = 11.3.1;
					};
				};
			};
			buildConfigurationList = 3A7CA4DA2461216B0030AEA1 /* Build configuration list for PBXProject "Swift5IntroApp" */;
			compatibilityVersion = "Xcode 9.3";
			developmentRegion = en;
			hasScannedForEncodings = 0;
			knownRegions = (
				en,
				Base,
			);
			mainGroup = 3A7CA4D62461216B0030AEA1;
			productRefGroup = 3A7CA4E02461216B0030AEA1 /* Products */;
			projectDirPath = "";
			projectRoot = "";
			targets = (
				3A7CA4DE2461216B0030AEA1 /* Swift5IntroApp */,
			);
		};
/* End PBXProject section */

/* Begin PBXResourcesBuildPhase section */
		3A7CA4DD2461216B0030AEA1 /* Resources */ = {
			isa = PBXResourcesBuildPhase;
			buildActionMask = 2147483647;
			files = (
				3A7CA4FF246123680030AEA1 /* 2.json in Resources */,
				3A7CA50824613D590030AEA1 /* start.mov in Resources */,
				3A7CA4EF2461216C0030AEA1 /* LaunchScreen.storyboard in Resources */,
				3A7CA4EC2461216C0030AEA1 /* Assets.xcassets in Resources */,
				3A7CA501246123680030AEA1 /* 3.json in Resources */,
				3A7CA4EA2461216B0030AEA1 /* Main.storyboard in Resources */,
				3A7CA500246123680030AEA1 /* 4.json in Resources */,
				3A7CA4FE246123680030AEA1 /* 5.json in Resources */,
				3A7CA502246123680030AEA1 /* 1.json in Resources */,
			);
			runOnlyForDeploymentPostprocessing = 0;
		};
/* End PBXResourcesBuildPhase section */

/* Begin PBXShellScriptBuildPhase section */
		09C373639C8624EE5A5AE750 /* [CP] Embed Pods Frameworks */ = {
			isa = PBXShellScriptBuildPhase;
			buildActionMask = 2147483647;
			files = (
			);
			inputFileListPaths = (
				"${PODS_ROOT}/Target Support Files/Pods-Swift5IntroApp/Pods-Swift5IntroApp-frameworks-${CONFIGURATION}-input-files.xcfilelist",
			);
			name = "[CP] Embed Pods Frameworks";
			outputFileListPaths = (
				"${PODS_ROOT}/Target Support Files/Pods-Swift5IntroApp/Pods-Swift5IntroApp-frameworks-${CONFIGURATION}-output-files.xcfilelist",
			);
			runOnlyForDeploymentPostprocessing = 0;
			shellPath = /bin/sh;
			shellScript = "\"${PODS_ROOT}/Target Support Files/Pods-Swift5IntroApp/Pods-Swift5IntroApp-frameworks.sh\"\n";
			showEnvVarsInLog = 0;
		};
		F53C2B1CF054E6A8497224F9 /* [CP] Check Pods Manifest.lock */ = {
			isa = PBXShellScriptBuildPhase;
			buildActionMask = 2147483647;
			files = (
			);
			inputFileListPaths = (
			);
			inputPaths = (
				"${PODS_PODFILE_DIR_PATH}/Podfile.lock",
				"${PODS_ROOT}/Manifest.lock",
			);
			name = "[CP] Check Pods Manifest.lock";
			outputFileListPaths = (
			);
			outputPaths = (
				"$(DERIVED_FILE_DIR)/Pods-Swift5IntroApp-checkManifestLockResult.txt",
			);
			runOnlyForDeploymentPostprocessing = 0;
			shellPath = /bin/sh;
			shellScript = "diff \"${PODS_PODFILE_DIR_PATH}/Podfile.lock\" \"${PODS_ROOT}/Manifest.lock\" > /dev/null\nif [ $? != 0 ] ; then\n    # print error to STDERR\n    echo \"error: The sandbox is not in sync with the Podfile.lock. Run 'pod install' or update your CocoaPods installation.\" >&2\n    exit 1\nfi\n# This output is used by Xcode 'outputs' to avoid re-running this script phase.\necho \"SUCCESS\" > \"${SCRIPT_OUTPUT_FILE_0}\"\n";
			showEnvVarsInLog = 0;
		};
/* End PBXShellScriptBuildPhase section */

/* Begin PBXSourcesBuildPhase section */
		3A7CA4DB2461216B0030AEA1 /* Sources */ = {
			isa = PBXSourcesBuildPhase;
			buildActionMask = 2147483647;
			files = (
				3A7CA50A24613DDC0030AEA1 /* BaseViewController.swift in Sources */,
				3A7CA50E246146CA0030AEA1 /* NewsItems.swift in Sources */,
				3A7CA504246123970030AEA1 /* IntroViewController.swift in Sources */,
				3A7CA514246153C70030AEA1 /* Page3ViewController.swift in Sources */,
				3A7CA506246139080030AEA1 /* LoginMovieViewController.swift in Sources */,
				3A7CA518246153F20030AEA1 /* Page5ViewController.swift in Sources */,
				3A7CA512246153210030AEA1 /* Page2ViewController.swift in Sources */,
				3A7CA50C246142C80030AEA1 /* Page1ViewController.swift in Sources */,
				3A7CA4E32461216B0030AEA1 /* AppDelegate.swift in Sources */,
				3A7CA516246153E20030AEA1 /* Page4ViewController.swift in Sources */,
				3A7CA51A246154930030AEA1 /* Page6ViewController.swift in Sources */,
				3A7CA4E52461216B0030AEA1 /* SceneDelegate.swift in Sources */,
				3A7CA51024614E990030AEA1 /* WebViewController.swift in Sources */,
			);
			runOnlyForDeploymentPostprocessing = 0;
		};
/* End PBXSourcesBuildPhase section */

/* Begin PBXVariantGroup section */
		3A7CA4E82461216B0030AEA1 /* Main.storyboard */ = {
			isa = PBXVariantGroup;
			children = (
				3A7CA4E92461216B0030AEA1 /* Base */,
			);
			name = Main.storyboard;
			sourceTree = "<group>";
		};
		3A7CA4ED2461216C0030AEA1 /* LaunchScreen.storyboard */ = {
			isa = PBXVariantGroup;
			children = (
				3A7CA4EE2461216C0030AEA1 /* Base */,
			);
			name = LaunchScreen.storyboard;
			sourceTree = "<group>";
		};
/* End PBXVariantGroup section */

/* Begin XCBuildConfiguration section */
		3A7CA4F12461216C0030AEA1 /* Debug */ = {
			isa = XCBuildConfiguration;
			buildSettings = {
				ALWAYS_SEARCH_USER_PATHS = NO;
				CLANG_ANALYZER_NONNULL = YES;
				CLANG_ANALYZER_NUMBER_OBJECT_CONVERSION = YES_AGGRESSIVE;
				CLANG_CXX_LANGUAGE_STANDARD = "gnu++14";
				CLANG_CXX_LIBRARY = "libc++";
				CLANG_ENABLE_MODULES = YES;
				CLANG_ENABLE_OBJC_ARC = YES;
				CLANG_ENABLE_OBJC_WEAK = YES;
				CLANG_WARN_BLOCK_CAPTURE_AUTORELEASING = YES;
				CLANG_WARN_BOOL_CONVERSION = YES;
				CLANG_WARN_COMMA = YES;
				CLANG_WARN_CONSTANT_CONVERSION = YES;
				CLANG_WARN_DEPRECATED_OBJC_IMPLEMENTATIONS = YES;
				CLANG_WARN_DIRECT_OBJC_ISA_USAGE = YES_ERROR;
				CLANG_WARN_DOCUMENTATION_COMMENTS = YES;
				CLANG_WARN_EMPTY_BODY = YES;
				CLANG_WARN_ENUM_CONVERSION = YES;
				CLANG_WARN_INFINITE_RECURSION = YES;
				CLANG_WARN_INT_CONVERSION = YES;
				CLANG_WARN_NON_LITERAL_NULL_CONVERSION = YES;
				CLANG_WARN_OBJC_IMPLICIT_RETAIN_SELF = YES;
				CLANG_WARN_OBJC_LITERAL_CONVERSION = YES;
				CLANG_WARN_OBJC_ROOT_CLASS = YES_ERROR;
				CLANG_WARN_RANGE_LOOP_ANALYSIS = YES;
				CLANG_WARN_STRICT_PROTOTYPES = YES;
				CLANG_WARN_SUSPICIOUS_MOVE = YES;
				CLANG_WARN_UNGUARDED_AVAILABILITY = YES_AGGRESSIVE;
				CLANG_WARN_UNREACHABLE_CODE = YES;
				CLANG_WARN__DUPLICATE_METHOD_MATCH = YES;
				COPY_PHASE_STRIP = NO;
				DEBUG_INFORMATION_FORMAT = dwarf;
				ENABLE_STRICT_OBJC_MSGSEND = YES;
				ENABLE_TESTABILITY = YES;
				GCC_C_LANGUAGE_STANDARD = gnu11;
				GCC_DYNAMIC_NO_PIC = NO;
				GCC_NO_COMMON_BLOCKS = YES;
				GCC_OPTIMIZATION_LEVEL = 0;
				GCC_PREPROCESSOR_DEFINITIONS = (
					"DEBUG=1",
					"$(inherited)",
				);
				GCC_WARN_64_TO_32_BIT_CONVERSION = YES;
				GCC_WARN_ABOUT_RETURN_TYPE = YES_ERROR;
				GCC_WARN_UNDECLARED_SELECTOR = YES;
				GCC_WARN_UNINITIALIZED_AUTOS = YES_AGGRESSIVE;
				GCC_WARN_UNUSED_FUNCTION = YES;
				GCC_WARN_UNUSED_VARIABLE = YES;
				IPHONEOS_DEPLOYMENT_TARGET = 13.2;
				MTL_ENABLE_DEBUG_INFO = INCLUDE_SOURCE;
				MTL_FAST_MATH = YES;
				ONLY_ACTIVE_ARCH = YES;
				SDKROOT = iphoneos;
				SWIFT_ACTIVE_COMPILATION_CONDITIONS = DEBUG;
				SWIFT_OPTIMIZATION_LEVEL = "-Onone";
			};
			name = Debug;
		};
		3A7CA4F22461216C0030AEA1 /* Release */ = {
			isa = XCBuildConfiguration;
			buildSettings = {
				ALWAYS_SEARCH_USER_PATHS = NO;
				CLANG_ANALYZER_NONNULL = YES;
				CLANG_ANALYZER_NUMBER_OBJECT_CONVERSION = YES_AGGRESSIVE;
				CLANG_CXX_LANGUAGE_STANDARD = "gnu++14";
				CLANG_CXX_LIBRARY = "libc++";
				CLANG_ENABLE_MODULES = YES;
				CLANG_ENABLE_OBJC_ARC = YES;
				CLANG_ENABLE_OBJC_WEAK = YES;
				CLANG_WARN_BLOCK_CAPTURE_AUTORELEASING = YES;
				CLANG_WARN_BOOL_CONVERSION = YES;
				CLANG_WARN_COMMA = YES;
				CLANG_WARN_CONSTANT_CONVERSION = YES;
				CLANG_WARN_DEPRECATED_OBJC_IMPLEMENTATIONS = YES;
				CLANG_WARN_DIRECT_OBJC_ISA_USAGE = YES_ERROR;
				CLANG_WARN_DOCUMENTATION_COMMENTS = YES;
				CLANG_WARN_EMPTY_BODY = YES;
				CLANG_WARN_ENUM_CONVERSION = YES;
				CLANG_WARN_INFINITE_RECURSION = YES;
				CLANG_WARN_INT_CONVERSION = YES;
				CLANG_WARN_NON_LITERAL_NULL_CONVERSION = YES;
				CLANG_WARN_OBJC_IMPLICIT_RETAIN_SELF = YES;
				CLANG_WARN_OBJC_LITERAL_CONVERSION = YES;
				CLANG_WARN_OBJC_ROOT_CLASS = YES_ERROR;
				CLANG_WARN_RANGE_LOOP_ANALYSIS = YES;
				CLANG_WARN_STRICT_PROTOTYPES = YES;
				CLANG_WARN_SUSPICIOUS_MOVE = YES;
				CLANG_WARN_UNGUARDED_AVAILABILITY = YES_AGGRESSIVE;
				CLANG_WARN_UNREACHABLE_CODE = YES;
				CLANG_WARN__DUPLICATE_METHOD_MATCH = YES;
				COPY_PHASE_STRIP = NO;
				DEBUG_INFORMATION_FORMAT = "dwarf-with-dsym";
				ENABLE_NS_ASSERTIONS = NO;
				ENABLE_STRICT_OBJC_MSGSEND = YES;
				GCC_C_LANGUAGE_STANDARD = gnu11;
				GCC_NO_COMMON_BLOCKS = YES;
				GCC_WARN_64_TO_32_BIT_CONVERSION = YES;
				GCC_WARN_ABOUT_RETURN_TYPE = YES_ERROR;
				GCC_WARN_UNDECLARED_SELECTOR = YES;
				GCC_WARN_UNINITIALIZED_AUTOS = YES_AGGRESSIVE;
				GCC_WARN_UNUSED_FUNCTION = YES;
				GCC_WARN_UNUSED_VARIABLE = YES;
				IPHONEOS_DEPLOYMENT_TARGET = 13.2;
				MTL_ENABLE_DEBUG_INFO = NO;
				MTL_FAST_MATH = YES;
				SDKROOT = iphoneos;
				SWIFT_COMPILATION_MODE = wholemodule;
				SWIFT_OPTIMIZATION_LEVEL = "-O";
				VALIDATE_PRODUCT = YES;
			};
			name = Release;
		};
		3A7CA4F42461216C0030AEA1 /* Debug */ = {
			isa = XCBuildConfiguration;
			baseConfigurationReference = FED8F107B6A8A1EB77C1D685 /* Pods-Swift5IntroApp.debug.xcconfig */;
			buildSettings = {
				ASSETCATALOG_COMPILER_APPICON_NAME = AppIcon;
				CODE_SIGN_STYLE = Automatic;
				INFOPLIST_FILE = Swift5IntroApp/Info.plist;
				LD_RUNPATH_SEARCH_PATHS = (
					"$(inherited)",
					"@executable_path/Frameworks",
				);
				PRODUCT_BUNDLE_IDENTIFIER = com.akiyukiishikawa.Swift5IntroApp;
				PRODUCT_NAME = "$(TARGET_NAME)";
				SWIFT_VERSION = 5.0;
				TARGETED_DEVICE_FAMILY = 1;
			};
			name = Debug;
		};
		3A7CA4F52461216C0030AEA1 /* Release */ = {
			isa = XCBuildConfiguration;
			baseConfigurationReference = 1239964C24536204994119A6 /* Pods-Swift5IntroApp.release.xcconfig */;
			buildSettings = {
				ASSETCATALOG_COMPILER_APPICON_NAME = AppIcon;
				CODE_SIGN_STYLE = Automatic;
				INFOPLIST_FILE = Swift5IntroApp/Info.plist;
				LD_RUNPATH_SEARCH_PATHS = (
					"$(inherited)",
					"@executable_path/Frameworks",
				);
				PRODUCT_BUNDLE_IDENTIFIER = com.akiyukiishikawa.Swift5IntroApp;
				PRODUCT_NAME = "$(TARGET_NAME)";
				SWIFT_VERSION = 5.0;
				TARGETED_DEVICE_FAMILY = 1;
			};
			name = Release;
		};
/* End XCBuildConfiguration section */

/* Begin XCConfigurationList section */
		3A7CA4DA2461216B0030AEA1 /* Build configuration list for PBXProject "Swift5IntroApp" */ = {
			isa = XCConfigurationList;
			buildConfigurations = (
				3A7CA4F12461216C0030AEA1 /* Debug */,
				3A7CA4F22461216C0030AEA1 /* Release */,
			);
			defaultConfigurationIsVisible = 0;
			defaultConfigurationName = Release;
		};
		3A7CA4F32461216C0030AEA1 /* Build configuration list for PBXNativeTarget "Swift5IntroApp" */ = {
			isa = XCConfigurationList;
			buildConfigurations = (
				3A7CA4F42461216C0030AEA1 /* Debug */,
				3A7CA4F52461216C0030AEA1 /* Release */,
			);
			defaultConfigurationIsVisible = 0;
			defaultConfigurationName = Release;
		};
/* End XCConfigurationList section */
	};
	rootObject = 3A7CA4D72461216B0030AEA1 /* Project object */;
}
